
Microsoft Visual Studio Solution File, Format Version 12.00
# Visual Studio Version 16
VisualStudioVersion = 16.0.31702.278
MinimumVisualStudioVersion = 10.0.40219.1
Project("{FAE04EC0-301F-11D3-BF4B-00C04F79EFBC}") = "eTickets", "eTickets\eTickets.csproj", "{63958EE0-0B59-4D54-B375-5695783C2706}"
EndProject
Global
	GlobalSection(SolutionConfigurationPlatforms) = preSolution
		Debug|Any CPU = Debug|Any CPU
		Release|Any CPU = Release|Any CPU
	EndGlobalSection
	GlobalSection(ProjectConfigurationPlatforms) = postSolution
		{63958EE0-0B59-4D54-B375-5695783C2706}.Debug|Any CPU.ActiveCfg = Debug|Any CPU
		{63958EE0-0B59-4D54-B375-5695783C2706}.Debug|Any CPU.Build.0 = Debug|Any CPU
		{63958EE0-0B59-4D54-B375-5695783C2706}.Release|Any CPU.ActiveCfg = Release|Any CPU
		{63958EE0-0B59-4D54-B375-5695783C2706}.Release|Any CPU.Build.0 = Release|Any CPU
	EndGlobalSection
	GlobalSection(SolutionProperties) = preSolution
		HideSolutionNode = FALSE
	EndGlobalSection
	GlobalSection(ExtensibilityGlobals) = postSolution
		SolutionGuid = {DCC38ED2-F342-4145-A759-D2620ABD53D2}
	EndGlobalSection
EndGlobal
